// !$*UTF8*$!
{
	archiveVersion = 1;
	classes = {
	};
	objectVersion = 56;
	objects = {

/* Begin PBXBuildFile section */
		859A90202A8B66A5007C0572 /* VendorCell.swift in Sources */ = {isa = PBXBuildFile; fileRef = 859A901F2A8B66A5007C0572 /* VendorCell.swift */; };
		859A90232A8B67CE007C0572 /* VendorCellViewModel.swift in Sources */ = {isa = PBXBuildFile; fileRef = 859A90222A8B67CE007C0572 /* VendorCellViewModel.swift */; };
		859A90252A8B696A007C0572 /* vendors.json in Resources */ = {isa = PBXBuildFile; fileRef = 859A90242A8B696A007C0572 /* vendors.json */; };
		859A90282A8B7BA3007C0572 /* CategoryView.swift in Sources */ = {isa = PBXBuildFile; fileRef = 859A90272A8B7BA3007C0572 /* CategoryView.swift */; };
		859A902B2A8B85D6007C0572 /* View+.swift in Sources */ = {isa = PBXBuildFile; fileRef = 859A902A2A8B85D6007C0572 /* View+.swift */; };
		859A90352A8B88A6007C0572 /* ImageLoaderView.swift in Sources */ = {isa = PBXBuildFile; fileRef = 859A90342A8B88A6007C0572 /* ImageLoaderView.swift */; };
		859A90392A8B8A67007C0572 /* SVGKit in Frameworks */ = {isa = PBXBuildFile; productRef = 859A90382A8B8A67007C0572 /* SVGKit */; };
		859A903B2A8B8A67007C0572 /* SVGKitSwift in Frameworks */ = {isa = PBXBuildFile; productRef = 859A903A2A8B8A67007C0572 /* SVGKitSwift */; };
		85E0F9BD2A8A6C1C00546248 /* LaunchedDemoApp.swift in Sources */ = {isa = PBXBuildFile; fileRef = 85E0F9BC2A8A6C1C00546248 /* LaunchedDemoApp.swift */; };
		85E0F9BF2A8A6C1C00546248 /* ContentView.swift in Sources */ = {isa = PBXBuildFile; fileRef = 85E0F9BE2A8A6C1C00546248 /* ContentView.swift */; };
		85E0F9C12A8A6C1D00546248 /* Assets.xcassets in Resources */ = {isa = PBXBuildFile; fileRef = 85E0F9C02A8A6C1D00546248 /* Assets.xcassets */; };
		85E0F9C42A8A6C1D00546248 /* Preview Assets.xcassets in Resources */ = {isa = PBXBuildFile; fileRef = 85E0F9C32A8A6C1D00546248 /* Preview Assets.xcassets */; };
		85E0F9CB2A8A6DE000546248 /* SearchFlowView.swift in Sources */ = {isa = PBXBuildFile; fileRef = 85E0F9CA2A8A6DE000546248 /* SearchFlowView.swift */; };
		85E0F9D12A8A6EEB00546248 /* SearchFlowViewModel.swift in Sources */ = {isa = PBXBuildFile; fileRef = 85E0F9D02A8A6EEB00546248 /* SearchFlowViewModel.swift */; };
		85E0F9D42A8A6F7E00546248 /* NetworkService.swift in Sources */ = {isa = PBXBuildFile; fileRef = 85E0F9D32A8A6F7E00546248 /* NetworkService.swift */; };
		85E0F9D72A8A700600546248 /* Vendor.swift in Sources */ = {isa = PBXBuildFile; fileRef = 85E0F9D62A8A700600546248 /* Vendor.swift */; };
		85E0F9DC2A8A704100546248 /* NetworkingError.swift in Sources */ = {isa = PBXBuildFile; fileRef = 85E0F9DB2A8A704100546248 /* NetworkingError.swift */; };
		85E0F9DF2A8A75BD00546248 /* ColorPalette.swift in Sources */ = {isa = PBXBuildFile; fileRef = 85E0F9DE2A8A75BD00546248 /* ColorPalette.swift */; };
		85E0F9E22A8A763600546248 /* AppFonts.swift in Sources */ = {isa = PBXBuildFile; fileRef = 85E0F9E12A8A763600546248 /* AppFonts.swift */; };
		85E0F9E42A8A772900546248 /* Constants.swift in Sources */ = {isa = PBXBuildFile; fileRef = 85E0F9E32A8A772900546248 /* Constants.swift */; };
		85E0F9E62A8A777700546248 /* SearchBar.swift in Sources */ = {isa = PBXBuildFile; fileRef = 85E0F9E52A8A777700546248 /* SearchBar.swift */; };
/* End PBXBuildFile section */

/* Begin PBXFileReference section */
		859A901F2A8B66A5007C0572 /* VendorCell.swift */ = {isa = PBXFileReference; lastKnownFileType = sourcecode.swift; path = VendorCell.swift; sourceTree = "<group>"; };
		859A90222A8B67CE007C0572 /* VendorCellViewModel.swift */ = {isa = PBXFileReference; lastKnownFileType = sourcecode.swift; path = VendorCellViewModel.swift; sourceTree = "<group>"; };
		859A90242A8B696A007C0572 /* vendors.json */ = {isa = PBXFileReference; fileEncoding = 4; lastKnownFileType = text.json; path = vendors.json; sourceTree = "<group>"; };
		859A90272A8B7BA3007C0572 /* CategoryView.swift */ = {isa = PBXFileReference; lastKnownFileType = sourcecode.swift; path = CategoryView.swift; sourceTree = "<group>"; };
		859A902A2A8B85D6007C0572 /* View+.swift */ = {isa = PBXFileReference; lastKnownFileType = sourcecode.swift; path = "View+.swift"; sourceTree = "<group>"; };
		859A90342A8B88A6007C0572 /* ImageLoaderView.swift */ = {isa = PBXFileReference; lastKnownFileType = sourcecode.swift; path = ImageLoaderView.swift; sourceTree = "<group>"; };
		85E0F9B92A8A6C1C00546248 /* LaunchedDemo.app */ = {isa = PBXFileReference; explicitFileType = wrapper.application; includeInIndex = 0; path = LaunchedDemo.app; sourceTree = BUILT_PRODUCTS_DIR; };
		85E0F9BC2A8A6C1C00546248 /* LaunchedDemoApp.swift */ = {isa = PBXFileReference; lastKnownFileType = sourcecode.swift; path = LaunchedDemoApp.swift; sourceTree = "<group>"; };
		85E0F9BE2A8A6C1C00546248 /* ContentView.swift */ = {isa = PBXFileReference; lastKnownFileType = sourcecode.swift; path = ContentView.swift; sourceTree = "<group>"; };
		85E0F9C02A8A6C1D00546248 /* Assets.xcassets */ = {isa = PBXFileReference; lastKnownFileType = folder.assetcatalog; path = Assets.xcassets; sourceTree = "<group>"; };
		85E0F9C32A8A6C1D00546248 /* Preview Assets.xcassets */ = {isa = PBXFileReference; lastKnownFileType = folder.assetcatalog; path = "Preview Assets.xcassets"; sourceTree = "<group>"; };
		85E0F9CA2A8A6DE000546248 /* SearchFlowView.swift */ = {isa = PBXFileReference; lastKnownFileType = sourcecode.swift; path = SearchFlowView.swift; sourceTree = "<group>"; };
		85E0F9D02A8A6EEB00546248 /* SearchFlowViewModel.swift */ = {isa = PBXFileReference; lastKnownFileType = sourcecode.swift; path = SearchFlowViewModel.swift; sourceTree = "<group>"; };
		85E0F9D32A8A6F7E00546248 /* NetworkService.swift */ = {isa = PBXFileReference; lastKnownFileType = sourcecode.swift; path = NetworkService.swift; sourceTree = "<group>"; };
		85E0F9D62A8A700600546248 /* Vendor.swift */ = {isa = PBXFileReference; lastKnownFileType = sourcecode.swift; path = Vendor.swift; sourceTree = "<group>"; };
		85E0F9DB2A8A704100546248 /* NetworkingError.swift */ = {isa = PBXFileReference; lastKnownFileType = sourcecode.swift; path = NetworkingError.swift; sourceTree = "<group>"; };
		85E0F9DE2A8A75BD00546248 /* ColorPalette.swift */ = {isa = PBXFileReference; lastKnownFileType = sourcecode.swift; path = ColorPalette.swift; sourceTree = "<group>"; };
		85E0F9E12A8A763600546248 /* AppFonts.swift */ = {isa = PBXFileReference; lastKnownFileType = sourcecode.swift; path = AppFonts.swift; sourceTree = "<group>"; };
		85E0F9E32A8A772900546248 /* Constants.swift */ = {isa = PBXFileReference; lastKnownFileType = sourcecode.swift; path = Constants.swift; sourceTree = "<group>"; };
		85E0F9E52A8A777700546248 /* SearchBar.swift */ = {isa = PBXFileReference; lastKnownFileType = sourcecode.swift; path = SearchBar.swift; sourceTree = "<group>"; };
/* End PBXFileReference section */

/* Begin PBXFrameworksBuildPhase section */
		85E0F9B62A8A6C1C00546248 /* Frameworks */ = {
			isa = PBXFrameworksBuildPhase;
			buildActionMask = 2147483647;
			files = (
				859A903B2A8B8A67007C0572 /* SVGKitSwift in Frameworks */,
				859A90392A8B8A67007C0572 /* SVGKit in Frameworks */,
			);
			runOnlyForDeploymentPostprocessing = 0;
		};
/* End PBXFrameworksBuildPhase section */

/* Begin PBXGroup section */
		859A901E2A8B6696007C0572 /* SearchBar */ = {
			isa = PBXGroup;
			children = (
				85E0F9E52A8A777700546248 /* SearchBar.swift */,
			);
			path = SearchBar;
			sourceTree = "<group>";
		};
		859A90212A8B67AF007C0572 /* VendorCell */ = {
			isa = PBXGroup;
			children = (
				859A901F2A8B66A5007C0572 /* VendorCell.swift */,
				859A90222A8B67CE007C0572 /* VendorCellViewModel.swift */,
			);
			path = VendorCell;
			sourceTree = "<group>";
		};
		859A90262A8B696D007C0572 /* Data */ = {
			isa = PBXGroup;
			children = (
				859A90242A8B696A007C0572 /* vendors.json */,
			);
			path = Data;
			sourceTree = "<group>";
		};
		859A90292A8B7BB0007C0572 /* CategoryView */ = {
			isa = PBXGroup;
			children = (
				859A90272A8B7BA3007C0572 /* CategoryView.swift */,
			);
			path = CategoryView;
			sourceTree = "<group>";
		};
		859A902C2A8B85DA007C0572 /* Extensions */ = {
			isa = PBXGroup;
			children = (
				859A902D2A8B85E3007C0572 /* View */,
			);
			path = Extensions;
			sourceTree = "<group>";
		};
		859A902D2A8B85E3007C0572 /* View */ = {
			isa = PBXGroup;
			children = (
				859A902A2A8B85D6007C0572 /* View+.swift */,
			);
			path = View;
			sourceTree = "<group>";
		};
		859A90362A8B88AA007C0572 /* ImageLoader */ = {
			isa = PBXGroup;
			children = (
				859A90342A8B88A6007C0572 /* ImageLoaderView.swift */,
			);
			path = ImageLoader;
			sourceTree = "<group>";
		};
		85E0F9B02A8A6C1C00546248 = {
			isa = PBXGroup;
			children = (
				85E0F9BB2A8A6C1C00546248 /* LaunchedDemo */,
				85E0F9BA2A8A6C1C00546248 /* Products */,
			);
			sourceTree = "<group>";
		};
		85E0F9BA2A8A6C1C00546248 /* Products */ = {
			isa = PBXGroup;
			children = (
				85E0F9B92A8A6C1C00546248 /* LaunchedDemo.app */,
			);
			name = Products;
			sourceTree = "<group>";
		};
		85E0F9BB2A8A6C1C00546248 /* LaunchedDemo */ = {
			isa = PBXGroup;
			children = (
				859A90262A8B696D007C0572 /* Data */,
				85E0F9E02A8A75C300546248 /* Utility */,
				85E0F9CC2A8A6EBB00546248 /* App */,
				85E0F9CD2A8A6EC400546248 /* Main */,
				85E0F9C22A8A6C1D00546248 /* Preview Content */,
			);
			path = LaunchedDemo;
			sourceTree = "<group>";
		};
		85E0F9C22A8A6C1D00546248 /* Preview Content */ = {
			isa = PBXGroup;
			children = (
				85E0F9C32A8A6C1D00546248 /* Preview Assets.xcassets */,
			);
			path = "Preview Content";
			sourceTree = "<group>";
		};
		85E0F9CC2A8A6EBB00546248 /* App */ = {
			isa = PBXGroup;
			children = (
				85E0F9BC2A8A6C1C00546248 /* LaunchedDemoApp.swift */,
				85E0F9C02A8A6C1D00546248 /* Assets.xcassets */,
			);
			path = App;
			sourceTree = "<group>";
		};
		85E0F9CD2A8A6EC400546248 /* Main */ = {
			isa = PBXGroup;
			children = (
				85E0F9D22A8A6F5C00546248 /* Presentable */,
				85E0F9D52A8A6F8300546248 /* Logic */,
			);
			path = Main;
			sourceTree = "<group>";
		};
		85E0F9CE2A8A6EDA00546248 /* SearchFlow */ = {
			isa = PBXGroup;
			children = (
				85E0F9CA2A8A6DE000546248 /* SearchFlowView.swift */,
				85E0F9D02A8A6EEB00546248 /* SearchFlowViewModel.swift */,
			);
			path = SearchFlow;
			sourceTree = "<group>";
		};
		85E0F9CF2A8A6EE100546248 /* ContentView */ = {
			isa = PBXGroup;
			children = (
				85E0F9BE2A8A6C1C00546248 /* ContentView.swift */,
			);
			path = ContentView;
			sourceTree = "<group>";
		};
		85E0F9D22A8A6F5C00546248 /* Presentable */ = {
			isa = PBXGroup;
			children = (
				85E0F9CF2A8A6EE100546248 /* ContentView */,
				85E0F9CE2A8A6EDA00546248 /* SearchFlow */,
				85E0F9E72A8A777A00546248 /* Custom */,
			);
			path = Presentable;
			sourceTree = "<group>";
		};
		85E0F9D52A8A6F8300546248 /* Logic */ = {
			isa = PBXGroup;
			children = (
				85E0F9DA2A8A701B00546248 /* Services */,
				85E0F9D82A8A700D00546248 /* Models */,
			);
			path = Logic;
			sourceTree = "<group>";
		};
		85E0F9D82A8A700D00546248 /* Models */ = {
			isa = PBXGroup;
			children = (
				85E0F9DD2A8A704600546248 /* NetworkingError */,
				85E0F9D92A8A701400546248 /* Vendor */,
			);
			path = Models;
			sourceTree = "<group>";
		};
		85E0F9D92A8A701400546248 /* Vendor */ = {
			isa = PBXGroup;
			children = (
				85E0F9D62A8A700600546248 /* Vendor.swift */,
			);
			path = Vendor;
			sourceTree = "<group>";
		};
		85E0F9DA2A8A701B00546248 /* Services */ = {
			isa = PBXGroup;
			children = (
				85E0F9D32A8A6F7E00546248 /* NetworkService.swift */,
			);
			path = Services;
			sourceTree = "<group>";
		};
		85E0F9DD2A8A704600546248 /* NetworkingError */ = {
			isa = PBXGroup;
			children = (
				85E0F9DB2A8A704100546248 /* NetworkingError.swift */,
			);
			path = NetworkingError;
			sourceTree = "<group>";
		};
		85E0F9E02A8A75C300546248 /* Utility */ = {
			isa = PBXGroup;
			children = (
				85E0F9DE2A8A75BD00546248 /* ColorPalette.swift */,
				85E0F9E12A8A763600546248 /* AppFonts.swift */,
				85E0F9E32A8A772900546248 /* Constants.swift */,
				859A902C2A8B85DA007C0572 /* Extensions */,
				859A90362A8B88AA007C0572 /* ImageLoader */,
			);
			path = Utility;
			sourceTree = "<group>";
		};
		85E0F9E72A8A777A00546248 /* Custom */ = {
			isa = PBXGroup;
			children = (
				859A901E2A8B6696007C0572 /* SearchBar */,
				859A90212A8B67AF007C0572 /* VendorCell */,
				859A90292A8B7BB0007C0572 /* CategoryView */,
			);
			path = Custom;
			sourceTree = "<group>";
		};
/* End PBXGroup section */

/* Begin PBXNativeTarget section */
		85E0F9B82A8A6C1C00546248 /* LaunchedDemo */ = {
			isa = PBXNativeTarget;
			buildConfigurationList = 85E0F9C72A8A6C1D00546248 /* Build configuration list for PBXNativeTarget "LaunchedDemo" */;
			buildPhases = (
				85E0F9B52A8A6C1C00546248 /* Sources */,
				85E0F9B62A8A6C1C00546248 /* Frameworks */,
				85E0F9B72A8A6C1C00546248 /* Resources */,
			);
			buildRules = (
			);
			dependencies = (
			);
			name = LaunchedDemo;
			packageProductDependencies = (
				859A90382A8B8A67007C0572 /* SVGKit */,
				859A903A2A8B8A67007C0572 /* SVGKitSwift */,
			);
			productName = LaunchedDemo;
			productReference = 85E0F9B92A8A6C1C00546248 /* LaunchedDemo.app */;
			productType = "com.apple.product-type.application";
		};
/* End PBXNativeTarget section */

/* Begin PBXProject section */
		85E0F9B12A8A6C1C00546248 /* Project object */ = {
			isa = PBXProject;
			attributes = {
				BuildIndependentTargetsInParallel = 1;
				LastSwiftUpdateCheck = 1400;
				LastUpgradeCheck = 1400;
				TargetAttributes = {
					85E0F9B82A8A6C1C00546248 = {
						CreatedOnToolsVersion = 14.0;
					};
				};
			};
			buildConfigurationList = 85E0F9B42A8A6C1C00546248 /* Build configuration list for PBXProject "LaunchedDemo" */;
			compatibilityVersion = "Xcode 14.0";
			developmentRegion = en;
			hasScannedForEncodings = 0;
			knownRegions = (
				en,
				Base,
			);
			mainGroup = 85E0F9B02A8A6C1C00546248;
			packageReferences = (
				859A90372A8B8A67007C0572 /* XCRemoteSwiftPackageReference "SVGKit" */,
			);
			productRefGroup = 85E0F9BA2A8A6C1C00546248 /* Products */;
			projectDirPath = "";
			projectRoot = "";
			targets = (
				85E0F9B82A8A6C1C00546248 /* LaunchedDemo */,
			);
		};
/* End PBXProject section */

/* Begin PBXResourcesBuildPhase section */
		85E0F9B72A8A6C1C00546248 /* Resources */ = {
			isa = PBXResourcesBuildPhase;
			buildActionMask = 2147483647;
			files = (
				85E0F9C42A8A6C1D00546248 /* Preview Assets.xcassets in Resources */,
				85E0F9C12A8A6C1D00546248 /* Assets.xcassets in Resources */,
				859A90252A8B696A007C0572 /* vendors.json in Resources */,
			);
			runOnlyForDeploymentPostprocessing = 0;
		};
/* End PBXResourcesBuildPhase section */

/* Begin PBXSourcesBuildPhase section */
		85E0F9B52A8A6C1C00546248 /* Sources */ = {
			isa = PBXSourcesBuildPhase;
			buildActionMask = 2147483647;
			files = (
				85E0F9D42A8A6F7E00546248 /* NetworkService.swift in Sources */,
				85E0F9BF2A8A6C1C00546248 /* ContentView.swift in Sources */,
				85E0F9CB2A8A6DE000546248 /* SearchFlowView.swift in Sources */,
				85E0F9E22A8A763600546248 /* AppFonts.swift in Sources */,
				85E0F9DF2A8A75BD00546248 /* ColorPalette.swift in Sources */,
				859A90352A8B88A6007C0572 /* ImageLoaderView.swift in Sources */,
				85E0F9E42A8A772900546248 /* Constants.swift in Sources */,
				85E0F9DC2A8A704100546248 /* NetworkingError.swift in Sources */,
				859A90232A8B67CE007C0572 /* VendorCellViewModel.swift in Sources */,
				859A90282A8B7BA3007C0572 /* CategoryView.swift in Sources */,
				85E0F9D72A8A700600546248 /* Vendor.swift in Sources */,
				85E0F9D12A8A6EEB00546248 /* SearchFlowViewModel.swift in Sources */,
				859A90202A8B66A5007C0572 /* VendorCell.swift in Sources */,
				85E0F9E62A8A777700546248 /* SearchBar.swift in Sources */,
				859A902B2A8B85D6007C0572 /* View+.swift in Sources */,
				85E0F9BD2A8A6C1C00546248 /* LaunchedDemoApp.swift in Sources */,
			);
			runOnlyForDeploymentPostprocessing = 0;
		};
/* End PBXSourcesBuildPhase section */

/* Begin XCBuildConfiguration section */
		85E0F9C52A8A6C1D00546248 /* Debug */ = {
			isa = XCBuildConfiguration;
			buildSettings = {
				ALWAYS_SEARCH_USER_PATHS = NO;
				CLANG_ANALYZER_NONNULL = YES;
				CLANG_ANALYZER_NUMBER_OBJECT_CONVERSION = YES_AGGRESSIVE;
				CLANG_CXX_LANGUAGE_STANDARD = "gnu++20";
				CLANG_ENABLE_MODULES = YES;
				CLANG_ENABLE_OBJC_ARC = YES;
				CLANG_ENABLE_OBJC_WEAK = YES;
				CLANG_WARN_BLOCK_CAPTURE_AUTORELEASING = YES;
				CLANG_WARN_BOOL_CONVERSION = YES;
				CLANG_WARN_COMMA = YES;
				CLANG_WARN_CONSTANT_CONVERSION = YES;
				CLANG_WARN_DEPRECATED_OBJC_IMPLEMENTATIONS = YES;
				CLANG_WARN_DIRECT_OBJC_ISA_USAGE = YES_ERROR;
				CLANG_WARN_DOCUMENTATION_COMMENTS = YES;
				CLANG_WARN_EMPTY_BODY = YES;
				CLANG_WARN_ENUM_CONVERSION = YES;
				CLANG_WARN_INFINITE_RECURSION = YES;
				CLANG_WARN_INT_CONVERSION = YES;
				CLANG_WARN_NON_LITERAL_NULL_CONVERSION = YES;
				CLANG_WARN_OBJC_IMPLICIT_RETAIN_SELF = YES;
				CLANG_WARN_OBJC_LITERAL_CONVERSION = YES;
				CLANG_WARN_OBJC_ROOT_CLASS = YES_ERROR;
				CLANG_WARN_QUOTED_INCLUDE_IN_FRAMEWORK_HEADER = YES;
				CLANG_WARN_RANGE_LOOP_ANALYSIS = YES;
				CLANG_WARN_STRICT_PROTOTYPES = YES;
				CLANG_WARN_SUSPICIOUS_MOVE = YES;
				CLANG_WARN_UNGUARDED_AVAILABILITY = YES_AGGRESSIVE;
				CLANG_WARN_UNREACHABLE_CODE = YES;
				CLANG_WARN__DUPLICATE_METHOD_MATCH = YES;
				COPY_PHASE_STRIP = NO;
				DEBUG_INFORMATION_FORMAT = dwarf;
				ENABLE_STRICT_OBJC_MSGSEND = YES;
				ENABLE_TESTABILITY = YES;
				GCC_C_LANGUAGE_STANDARD = gnu11;
				GCC_DYNAMIC_NO_PIC = NO;
				GCC_NO_COMMON_BLOCKS = YES;
				GCC_OPTIMIZATION_LEVEL = 0;
				GCC_PREPROCESSOR_DEFINITIONS = (
					"DEBUG=1",
					"$(inherited)",
				);
				GCC_WARN_64_TO_32_BIT_CONVERSION = YES;
				GCC_WARN_ABOUT_RETURN_TYPE = YES_ERROR;
				GCC_WARN_UNDECLARED_SELECTOR = YES;
				GCC_WARN_UNINITIALIZED_AUTOS = YES_AGGRESSIVE;
				GCC_WARN_UNUSED_FUNCTION = YES;
				GCC_WARN_UNUSED_VARIABLE = YES;
				IPHONEOS_DEPLOYMENT_TARGET = 16.0;
				MTL_ENABLE_DEBUG_INFO = INCLUDE_SOURCE;
				MTL_FAST_MATH = YES;
				ONLY_ACTIVE_ARCH = YES;
				SDKROOT = iphoneos;
				SWIFT_ACTIVE_COMPILATION_CONDITIONS = DEBUG;
				SWIFT_OPTIMIZATION_LEVEL = "-Onone";
			};
			name = Debug;
		};
		85E0F9C62A8A6C1D00546248 /* Release */ = {
			isa = XCBuildConfiguration;
			buildSettings = {
				ALWAYS_SEARCH_USER_PATHS = NO;
				CLANG_ANALYZER_NONNULL = YES;
				CLANG_ANALYZER_NUMBER_OBJECT_CONVERSION = YES_AGGRESSIVE;
				CLANG_CXX_LANGUAGE_STANDARD = "gnu++20";
				CLANG_ENABLE_MODULES = YES;
				CLANG_ENABLE_OBJC_ARC = YES;
				CLANG_ENABLE_OBJC_WEAK = YES;
				CLANG_WARN_BLOCK_CAPTURE_AUTORELEASING = YES;
				CLANG_WARN_BOOL_CONVERSION = YES;
				CLANG_WARN_COMMA = YES;
				CLANG_WARN_CONSTANT_CONVERSION = YES;
				CLANG_WARN_DEPRECATED_OBJC_IMPLEMENTATIONS = YES;
				CLANG_WARN_DIRECT_OBJC_ISA_USAGE = YES_ERROR;
				CLANG_WARN_DOCUMENTATION_COMMENTS = YES;
				CLANG_WARN_EMPTY_BODY = YES;
				CLANG_WARN_ENUM_CONVERSION = YES;
				CLANG_WARN_INFINITE_RECURSION = YES;
				CLANG_WARN_INT_CONVERSION = YES;
				CLANG_WARN_NON_LITERAL_NULL_CONVERSION = YES;
				CLANG_WARN_OBJC_IMPLICIT_RETAIN_SELF = YES;
				CLANG_WARN_OBJC_LITERAL_CONVERSION = YES;
				CLANG_WARN_OBJC_ROOT_CLASS = YES_ERROR;
				CLANG_WARN_QUOTED_INCLUDE_IN_FRAMEWORK_HEADER = YES;
				CLANG_WARN_RANGE_LOOP_ANALYSIS = YES;
				CLANG_WARN_STRICT_PROTOTYPES = YES;
				CLANG_WARN_SUSPICIOUS_MOVE = YES;
				CLANG_WARN_UNGUARDED_AVAILABILITY = YES_AGGRESSIVE;
				CLANG_WARN_UNREACHABLE_CODE = YES;
				CLANG_WARN__DUPLICATE_METHOD_MATCH = YES;
				COPY_PHASE_STRIP = NO;
				DEBUG_INFORMATION_FORMAT = "dwarf-with-dsym";
				ENABLE_NS_ASSERTIONS = NO;
				ENABLE_STRICT_OBJC_MSGSEND = YES;
				GCC_C_LANGUAGE_STANDARD = gnu11;
				GCC_NO_COMMON_BLOCKS = YES;
				GCC_WARN_64_TO_32_BIT_CONVERSION = YES;
				GCC_WARN_ABOUT_RETURN_TYPE = YES_ERROR;
				GCC_WARN_UNDECLARED_SELECTOR = YES;
				GCC_WARN_UNINITIALIZED_AUTOS = YES_AGGRESSIVE;
				GCC_WARN_UNUSED_FUNCTION = YES;
				GCC_WARN_UNUSED_VARIABLE = YES;
				IPHONEOS_DEPLOYMENT_TARGET = 16.0;
				MTL_ENABLE_DEBUG_INFO = NO;
				MTL_FAST_MATH = YES;
				SDKROOT = iphoneos;
				SWIFT_COMPILATION_MODE = wholemodule;
				SWIFT_OPTIMIZATION_LEVEL = "-O";
				VALIDATE_PRODUCT = YES;
			};
			name = Release;
		};
		85E0F9C82A8A6C1D00546248 /* Debug */ = {
			isa = XCBuildConfiguration;
			buildSettings = {
				ASSETCATALOG_COMPILER_APPICON_NAME = AppIcon;
				ASSETCATALOG_COMPILER_GLOBAL_ACCENT_COLOR_NAME = AccentColor;
				CODE_SIGN_STYLE = Automatic;
				CURRENT_PROJECT_VERSION = 1;
				DEVELOPMENT_ASSET_PATHS = "\"LaunchedDemo/Preview Content\"";
				DEVELOPMENT_TEAM = 628BV4PHBF;
				ENABLE_PREVIEWS = YES;
				GENERATE_INFOPLIST_FILE = YES;
				INFOPLIST_KEY_UIApplicationSceneManifest_Generation = YES;
				INFOPLIST_KEY_UIApplicationSupportsIndirectInputEvents = YES;
				INFOPLIST_KEY_UILaunchScreen_Generation = YES;
				INFOPLIST_KEY_UISupportedInterfaceOrientations_iPad = "UIInterfaceOrientationPortrait UIInterfaceOrientationPortraitUpsideDown UIInterfaceOrientationLandscapeLeft UIInterfaceOrientationLandscapeRight";
				INFOPLIST_KEY_UISupportedInterfaceOrientations_iPhone = "UIInterfaceOrientationPortrait UIInterfaceOrientationLandscapeLeft UIInterfaceOrientationLandscapeRight";
				LD_RUNPATH_SEARCH_PATHS = (
					"$(inherited)",
					"@executable_path/Frameworks",
				);
				MARKETING_VERSION = 1.0;
				PRODUCT_BUNDLE_IDENTIFIER = com.synecdochenoire.LaunchedDemo;
				PRODUCT_NAME = "$(TARGET_NAME)";
				SWIFT_EMIT_LOC_STRINGS = YES;
				SWIFT_VERSION = 5.0;
				TARGETED_DEVICE_FAMILY = "1,2";
			};
			name = Debug;
		};
		85E0F9C92A8A6C1D00546248 /* Release */ = {
			isa = XCBuildConfiguration;
			buildSettings = {
				ASSETCATALOG_COMPILER_APPICON_NAME = AppIcon;
				ASSETCATALOG_COMPILER_GLOBAL_ACCENT_COLOR_NAME = AccentColor;
				CODE_SIGN_STYLE = Automatic;
				CURRENT_PROJECT_VERSION = 1;
				DEVELOPMENT_ASSET_PATHS = "\"LaunchedDemo/Preview Content\"";
				DEVELOPMENT_TEAM = 628BV4PHBF;
				ENABLE_PREVIEWS = YES;
				GENERATE_INFOPLIST_FILE = YES;
				INFOPLIST_KEY_UIApplicationSceneManifest_Generation = YES;
				INFOPLIST_KEY_UIApplicationSupportsIndirectInputEvents = YES;
				INFOPLIST_KEY_UILaunchScreen_Generation = YES;
				INFOPLIST_KEY_UISupportedInterfaceOrientations_iPad = "UIInterfaceOrientationPortrait UIInterfaceOrientationPortraitUpsideDown UIInterfaceOrientationLandscapeLeft UIInterfaceOrientationLandscapeRight";
				INFOPLIST_KEY_UISupportedInterfaceOrientations_iPhone = "UIInterfaceOrientationPortrait UIInterfaceOrientationLandscapeLeft UIInterfaceOrientationLandscapeRight";
				LD_RUNPATH_SEARCH_PATHS = (
					"$(inherited)",
					"@executable_path/Frameworks",
				);
				MARKETING_VERSION = 1.0;
				PRODUCT_BUNDLE_IDENTIFIER = com.synecdochenoire.LaunchedDemo;
				PRODUCT_NAME = "$(TARGET_NAME)";
				SWIFT_EMIT_LOC_STRINGS = YES;
				SWIFT_VERSION = 5.0;
				TARGETED_DEVICE_FAMILY = "1,2";
			};
			name = Release;
		};
/* End XCBuildConfiguration section */

/* Begin XCConfigurationList section */
		85E0F9B42A8A6C1C00546248 /* Build configuration list for PBXProject "LaunchedDemo" */ = {
			isa = XCConfigurationList;
			buildConfigurations = (
				85E0F9C52A8A6C1D00546248 /* Debug */,
				85E0F9C62A8A6C1D00546248 /* Release */,
			);
			defaultConfigurationIsVisible = 0;
			defaultConfigurationName = Release;
		};
		85E0F9C72A8A6C1D00546248 /* Build configuration list for PBXNativeTarget "LaunchedDemo" */ = {
			isa = XCConfigurationList;
			buildConfigurations = (
				85E0F9C82A8A6C1D00546248 /* Debug */,
				85E0F9C92A8A6C1D00546248 /* Release */,
			);
			defaultConfigurationIsVisible = 0;
			defaultConfigurationName = Release;
		};
/* End XCConfigurationList section */

/* Begin XCRemoteSwiftPackageReference section */
		859A90372A8B8A67007C0572 /* XCRemoteSwiftPackageReference "SVGKit" */ = {
			isa = XCRemoteSwiftPackageReference;
			repositoryURL = "https://github.com/SVGKit/SVGKit";
			requirement = {
				kind = upToNextMajorVersion;
				minimumVersion = 3.0.0;
			};
		};
/* End XCRemoteSwiftPackageReference section */

/* Begin XCSwiftPackageProductDependency section */
		859A90382A8B8A67007C0572 /* SVGKit */ = {
			isa = XCSwiftPackageProductDependency;
			package = 859A90372A8B8A67007C0572 /* XCRemoteSwiftPackageReference "SVGKit" */;
			productName = SVGKit;
		};
		859A903A2A8B8A67007C0572 /* SVGKitSwift */ = {
			isa = XCSwiftPackageProductDependency;
			package = 859A90372A8B8A67007C0572 /* XCRemoteSwiftPackageReference "SVGKit" */;
			productName = SVGKitSwift;
		};
/* End XCSwiftPackageProductDependency section */
	};
	rootObject = 85E0F9B12A8A6C1C00546248 /* Project object */;
}
